
Microsoft Visual Studio Solution File, Format Version 12.00
# Visual Studio 15
VisualStudioVersion = 15.0.27703.2035
MinimumVisualStudioVersion = 10.0.40219.1
Project("{FAE04EC0-301F-11D3-BF4B-00C04F79EFBC}") = "LemonaidStand", "LemonaidStand\LemonaidStand.csproj", "{C79D6ED1-547B-473F-A132-8B0D81A31E2F}"
EndProject
Global
	GlobalSection(SolutionConfigurationPlatforms) = preSolution
		Debug|Any CPU = Debug|Any CPU
		Release|Any CPU = Release|Any CPU
	EndGlobalSection
	GlobalSection(ProjectConfigurationPlatforms) = postSolution
		{C79D6ED1-547B-473F-A132-8B0D81A31E2F}.Debug|Any CPU.ActiveCfg = Debug|Any CPU
		{C79D6ED1-547B-473F-A132-8B0D81A31E2F}.Debug|Any CPU.Build.0 = Debug|Any CPU
		{C79D6ED1-547B-473F-A132-8B0D81A31E2F}.Release|Any CPU.ActiveCfg = Release|Any CPU
		{C79D6ED1-547B-473F-A132-8B0D81A31E2F}.Release|Any CPU.Build.0 = Release|Any CPU
	EndGlobalSection
	GlobalSection(SolutionProperties) = preSolution
		HideSolutionNode = FALSE
	EndGlobalSection
	GlobalSection(ExtensibilityGlobals) = postSolution
		SolutionGuid = {D206D29C-F32E-41F2-A0E5-09C5D12F7C61}
	EndGlobalSection
EndGlobal
